// !$*UTF8*$!
{
	archiveVersion = 1;
	classes = {
	};
	objectVersion = 46;
	objects = {

/* Begin PBXBuildFile section */
		78428AA71C1486FE005CF37E /* Recipes.json in Resources */ = {isa = PBXBuildFile; fileRef = 78428AA61C1486FE005CF37E /* Recipes.json */; };
		7877CFA31C139FDF002C4332 /* AppDelegate.swift in Sources */ = {isa = PBXBuildFile; fileRef = 7877CFA21C139FDF002C4332 /* AppDelegate.swift */; };
		7877CFA51C139FDF002C4332 /* ViewController.swift in Sources */ = {isa = PBXBuildFile; fileRef = 7877CFA41C139FDF002C4332 /* ViewController.swift */; };
		7877CFA81C139FDF002C4332 /* Main.storyboard in Resources */ = {isa = PBXBuildFile; fileRef = 7877CFA61C139FDF002C4332 /* Main.storyboard */; };
		7877CFAA1C139FDF002C4332 /* Assets.xcassets in Resources */ = {isa = PBXBuildFile; fileRef = 7877CFA91C139FDF002C4332 /* Assets.xcassets */; };
		7877CFAD1C139FDF002C4332 /* LaunchScreen.storyboard in Resources */ = {isa = PBXBuildFile; fileRef = 7877CFAB1C139FDF002C4332 /* LaunchScreen.storyboard */; };
		7877CFB81C139FDF002C4332 /* SwiftJSONParsing2Tests.swift in Sources */ = {isa = PBXBuildFile; fileRef = 7877CFB71C139FDF002C4332 /* SwiftJSONParsing2Tests.swift */; };
		7877CFC31C139FE0002C4332 /* SwiftJSONParsing2UITests.swift in Sources */ = {isa = PBXBuildFile; fileRef = 7877CFC21C139FE0002C4332 /* SwiftJSONParsing2UITests.swift */; };
		7877CFD11C13A06B002C4332 /* JSONParser.swift in Sources */ = {isa = PBXBuildFile; fileRef = 7877CFD01C13A06B002C4332 /* JSONParser.swift */; };
		7877CFD31C13A13D002C4332 /* JSON.swift in Sources */ = {isa = PBXBuildFile; fileRef = 7877CFD21C13A13D002C4332 /* JSON.swift */; };
/* End PBXBuildFile section */

/* Begin PBXContainerItemProxy section */
		7877CFB41C139FDF002C4332 /* PBXContainerItemProxy */ = {
			isa = PBXContainerItemProxy;
			containerPortal = 7877CF971C139FDF002C4332 /* Project object */;
			proxyType = 1;
			remoteGlobalIDString = 7877CF9E1C139FDF002C4332;
			remoteInfo = SwiftJSONParsing2;
		};
		7877CFBF1C139FE0002C4332 /* PBXContainerItemProxy */ = {
			isa = PBXContainerItemProxy;
			containerPortal = 7877CF971C139FDF002C4332 /* Project object */;
			proxyType = 1;
			remoteGlobalIDString = 7877CF9E1C139FDF002C4332;
			remoteInfo = SwiftJSONParsing2;
		};
/* End PBXContainerItemProxy section */

/* Begin PBXFileReference section */
		78428AA61C1486FE005CF37E /* Recipes.json */ = {isa = PBXFileReference; fileEncoding = 4; lastKnownFileType = text.json; path = Recipes.json; sourceTree = "<group>"; };
		7877CF9F1C139FDF002C4332 /* SwiftJSONParsing2.app */ = {isa = PBXFileReference; explicitFileType = wrapper.application; includeInIndex = 0; path = SwiftJSONParsing2.app; sourceTree = BUILT_PRODUCTS_DIR; };
		7877CFA21C139FDF002C4332 /* AppDelegate.swift */ = {isa = PBXFileReference; lastKnownFileType = sourcecode.swift; path = AppDelegate.swift; sourceTree = "<group>"; };
		7877CFA41C139FDF002C4332 /* ViewController.swift */ = {isa = PBXFileReference; lastKnownFileType = sourcecode.swift; path = ViewController.swift; sourceTree = "<group>"; };
		7877CFA71C139FDF002C4332 /* Base */ = {isa = PBXFileReference; lastKnownFileType = file.storyboard; name = Base; path = Base.lproj/Main.storyboard; sourceTree = "<group>"; };
		7877CFA91C139FDF002C4332 /* Assets.xcassets */ = {isa = PBXFileReference; lastKnownFileType = folder.assetcatalog; path = Assets.xcassets; sourceTree = "<group>"; };
		7877CFAC1C139FDF002C4332 /* Base */ = {isa = PBXFileReference; lastKnownFileType = file.storyboard; name = Base; path = Base.lproj/LaunchScreen.storyboard; sourceTree = "<group>"; };
		7877CFAE1C139FDF002C4332 /* Info.plist */ = {isa = PBXFileReference; lastKnownFileType = text.plist.xml; path = Info.plist; sourceTree = "<group>"; };
		7877CFB31C139FDF002C4332 /* SwiftJSONParsing2Tests.xctest */ = {isa = PBXFileReference; explicitFileType = wrapper.cfbundle; includeInIndex = 0; path = SwiftJSONParsing2Tests.xctest; sourceTree = BUILT_PRODUCTS_DIR; };
		7877CFB71C139FDF002C4332 /* SwiftJSONParsing2Tests.swift */ = {isa = PBXFileReference; lastKnownFileType = sourcecode.swift; path = SwiftJSONParsing2Tests.swift; sourceTree = "<group>"; };
		7877CFB91C139FDF002C4332 /* Info.plist */ = {isa = PBXFileReference; lastKnownFileType = text.plist.xml; path = Info.plist; sourceTree = "<group>"; };
		7877CFBE1C139FE0002C4332 /* SwiftJSONParsing2UITests.xctest */ = {isa = PBXFileReference; explicitFileType = wrapper.cfbundle; includeInIndex = 0; path = SwiftJSONParsing2UITests.xctest; sourceTree = BUILT_PRODUCTS_DIR; };
		7877CFC21C139FE0002C4332 /* SwiftJSONParsing2UITests.swift */ = {isa = PBXFileReference; lastKnownFileType = sourcecode.swift; path = SwiftJSONParsing2UITests.swift; sourceTree = "<group>"; };
		7877CFC41C139FE0002C4332 /* Info.plist */ = {isa = PBXFileReference; lastKnownFileType = text.plist.xml; path = Info.plist; sourceTree = "<group>"; };
		7877CFD01C13A06B002C4332 /* JSONParser.swift */ = {isa = PBXFileReference; fileEncoding = 4; lastKnownFileType = sourcecode.swift; path = JSONParser.swift; sourceTree = "<group>"; };
		7877CFD21C13A13D002C4332 /* JSON.swift */ = {isa = PBXFileReference; fileEncoding = 4; lastKnownFileType = sourcecode.swift; path = JSON.swift; sourceTree = "<group>"; };
/* End PBXFileReference section */

/* Begin PBXFrameworksBuildPhase section */
		7877CF9C1C139FDF002C4332 /* Frameworks */ = {
			isa = PBXFrameworksBuildPhase;
			buildActionMask = 2147483647;
			files = (
			);
			runOnlyForDeploymentPostprocessing = 0;
		};
		7877CFB01C139FDF002C4332 /* Frameworks */ = {
			isa = PBXFrameworksBuildPhase;
			buildActionMask = 2147483647;
			files = (
			);
			runOnlyForDeploymentPostprocessing = 0;
		};
		7877CFBB1C139FE0002C4332 /* Frameworks */ = {
			isa = PBXFrameworksBuildPhase;
			buildActionMask = 2147483647;
			files = (
			);
			runOnlyForDeploymentPostprocessing = 0;
		};
/* End PBXFrameworksBuildPhase section */

/* Begin PBXGroup section */
		7877CF961C139FDF002C4332 = {
			isa = PBXGroup;
			children = (
				7877CFA11C139FDF002C4332 /* SwiftJSONParsing2 */,
				7877CFB61C139FDF002C4332 /* SwiftJSONParsing2Tests */,
				7877CFC11C139FE0002C4332 /* SwiftJSONParsing2UITests */,
				7877CFA01C139FDF002C4332 /* Products */,
			);
			sourceTree = "<group>";
		};
		7877CFA01C139FDF002C4332 /* Products */ = {
			isa = PBXGroup;
			children = (
				7877CF9F1C139FDF002C4332 /* SwiftJSONParsing2.app */,
				7877CFB31C139FDF002C4332 /* SwiftJSONParsing2Tests.xctest */,
				7877CFBE1C139FE0002C4332 /* SwiftJSONParsing2UITests.xctest */,
			);
			name = Products;
			sourceTree = "<group>";
		};
		7877CFA11C139FDF002C4332 /* SwiftJSONParsing2 */ = {
			isa = PBXGroup;
			children = (
				78428AA61C1486FE005CF37E /* Recipes.json */,
				7877CFA21C139FDF002C4332 /* AppDelegate.swift */,
				7877CFA41C139FDF002C4332 /* ViewController.swift */,
				7877CFA61C139FDF002C4332 /* Main.storyboard */,
				7877CFA91C139FDF002C4332 /* Assets.xcassets */,
				7877CFAB1C139FDF002C4332 /* LaunchScreen.storyboard */,
				7877CFAE1C139FDF002C4332 /* Info.plist */,
				7877CFD01C13A06B002C4332 /* JSONParser.swift */,
				7877CFD21C13A13D002C4332 /* JSON.swift */,
			);
			path = SwiftJSONParsing2;
			sourceTree = "<group>";
		};
		7877CFB61C139FDF002C4332 /* SwiftJSONParsing2Tests */ = {
			isa = PBXGroup;
			children = (
				7877CFB71C139FDF002C4332 /* SwiftJSONParsing2Tests.swift */,
				7877CFB91C139FDF002C4332 /* Info.plist */,
			);
			path = SwiftJSONParsing2Tests;
			sourceTree = "<group>";
		};
		7877CFC11C139FE0002C4332 /* SwiftJSONParsing2UITests */ = {
			isa = PBXGroup;
			children = (
				7877CFC21C139FE0002C4332 /* SwiftJSONParsing2UITests.swift */,
				7877CFC41C139FE0002C4332 /* Info.plist */,
			);
			path = SwiftJSONParsing2UITests;
			sourceTree = "<group>";
		};
/* End PBXGroup section */

/* Begin PBXNativeTarget section */
		7877CF9E1C139FDF002C4332 /* SwiftJSONParsing2 */ = {
			isa = PBXNativeTarget;
			buildConfigurationList = 7877CFC71C139FE0002C4332 /* Build configuration list for PBXNativeTarget "SwiftJSONParsing2" */;
			buildPhases = (
				7877CF9B1C139FDF002C4332 /* Sources */,
				7877CF9C1C139FDF002C4332 /* Frameworks */,
				7877CF9D1C139FDF002C4332 /* Resources */,
			);
			buildRules = (
			);
			dependencies = (
			);
			name = SwiftJSONParsing2;
			productName = SwiftJSONParsing2;
			productReference = 7877CF9F1C139FDF002C4332 /* SwiftJSONParsing2.app */;
			productType = "com.apple.product-type.application";
		};
		7877CFB21C139FDF002C4332 /* SwiftJSONParsing2Tests */ = {
			isa = PBXNativeTarget;
			buildConfigurationList = 7877CFCA1C139FE0002C4332 /* Build configuration list for PBXNativeTarget "SwiftJSONParsing2Tests" */;
			buildPhases = (
				7877CFAF1C139FDF002C4332 /* Sources */,
				7877CFB01C139FDF002C4332 /* Frameworks */,
				7877CFB11C139FDF002C4332 /* Resources */,
			);
			buildRules = (
			);
			dependencies = (
				7877CFB51C139FDF002C4332 /* PBXTargetDependency */,
			);
			name = SwiftJSONParsing2Tests;
			productName = SwiftJSONParsing2Tests;
			productReference = 7877CFB31C139FDF002C4332 /* SwiftJSONParsing2Tests.xctest */;
			productType = "com.apple.product-type.bundle.unit-test";
		};
		7877CFBD1C139FE0002C4332 /* SwiftJSONParsing2UITests */ = {
			isa = PBXNativeTarget;
			buildConfigurationList = 7877CFCD1C139FE0002C4332 /* Build configuration list for PBXNativeTarget "SwiftJSONParsing2UITests" */;
			buildPhases = (
				7877CFBA1C139FE0002C4332 /* Sources */,
				7877CFBB1C139FE0002C4332 /* Frameworks */,
				7877CFBC1C139FE0002C4332 /* Resources */,
			);
			buildRules = (
			);
			dependencies = (
				7877CFC01C139FE0002C4332 /* PBXTargetDependency */,
			);
			name = SwiftJSONParsing2UITests;
			productName = SwiftJSONParsing2UITests;
			productReference = 7877CFBE1C139FE0002C4332 /* SwiftJSONParsing2UITests.xctest */;
			productType = "com.apple.product-type.bundle.ui-testing";
		};
/* End PBXNativeTarget section */

/* Begin PBXProject section */
		7877CF971C139FDF002C4332 /* Project object */ = {
			isa = PBXProject;
			attributes = {
				LastSwiftUpdateCheck = 0710;
				LastUpgradeCheck = 0710;
				ORGANIZATIONNAME = KBryan;
				TargetAttributes = {
					7877CF9E1C139FDF002C4332 = {
						CreatedOnToolsVersion = 7.1.1;
					};
					7877CFB21C139FDF002C4332 = {
						CreatedOnToolsVersion = 7.1.1;
						TestTargetID = 7877CF9E1C139FDF002C4332;
					};
					7877CFBD1C139FE0002C4332 = {
						CreatedOnToolsVersion = 7.1.1;
						TestTargetID = 7877CF9E1C139FDF002C4332;
					};
				};
			};
			buildConfigurationList = 7877CF9A1C139FDF002C4332 /* Build configuration list for PBXProject "SwiftJSONParsing2" */;
			compatibilityVersion = "Xcode 3.2";
			developmentRegion = English;
			hasScannedForEncodings = 0;
			knownRegions = (
				en,
				Base,
			);
			mainGroup = 7877CF961C139FDF002C4332;
			productRefGroup = 7877CFA01C139FDF002C4332 /* Products */;
			projectDirPath = "";
			projectRoot = "";
			targets = (
				7877CF9E1C139FDF002C4332 /* SwiftJSONParsing2 */,
				7877CFB21C139FDF002C4332 /* SwiftJSONParsing2Tests */,
				7877CFBD1C139FE0002C4332 /* SwiftJSONParsing2UITests */,
			);
		};
/* End PBXProject section */

/* Begin PBXResourcesBuildPhase section */
		7877CF9D1C139FDF002C4332 /* Resources */ = {
			isa = PBXResourcesBuildPhase;
			buildActionMask = 2147483647;
			files = (
				7877CFAD1C139FDF002C4332 /* LaunchScreen.storyboard in Resources */,
				7877CFAA1C139FDF002C4332 /* Assets.xcassets in Resources */,
				7877CFA81C139FDF002C4332 /* Main.storyboard in Resources */,
				78428AA71C1486FE005CF37E /* Recipes.json in Resources */,
			);
			runOnlyForDeploymentPostprocessing = 0;
		};
		7877CFB11C139FDF002C4332 /* Resources */ = {
			isa = PBXResourcesBuildPhase;
			buildActionMask = 2147483647;
			files = (
			);
			runOnlyForDeploymentPostprocessing = 0;
		};
		7877CFBC1C139FE0002C4332 /* Resources */ = {
			isa = PBXResourcesBuildPhase;
			buildActionMask = 2147483647;
			files = (
			);
			runOnlyForDeploymentPostprocessing = 0;
		};
/* End PBXResourcesBuildPhase section */

/* Begin PBXSourcesBuildPhase section */
		7877CF9B1C139FDF002C4332 /* Sources */ = {
			isa = PBXSourcesBuildPhase;
			buildActionMask = 2147483647;
			files = (
				7877CFA51C139FDF002C4332 /* ViewController.swift in Sources */,
				7877CFA31C139FDF002C4332 /* AppDelegate.swift in Sources */,
				7877CFD11C13A06B002C4332 /* JSONParser.swift in Sources */,
				7877CFD31C13A13D002C4332 /* JSON.swift in Sources */,
			);
			runOnlyForDeploymentPostprocessing = 0;
		};
		7877CFAF1C139FDF002C4332 /* Sources */ = {
			isa = PBXSourcesBuildPhase;
			buildActionMask = 2147483647;
			files = (
				7877CFB81C139FDF002C4332 /* SwiftJSONParsing2Tests.swift in Sources */,
			);
			runOnlyForDeploymentPostprocessing = 0;
		};
		7877CFBA1C139FE0002C4332 /* Sources */ = {
			isa = PBXSourcesBuildPhase;
			buildActionMask = 2147483647;
			files = (
				7877CFC31C139FE0002C4332 /* SwiftJSONParsing2UITests.swift in Sources */,
			);
			runOnlyForDeploymentPostprocessing = 0;
		};
/* End PBXSourcesBuildPhase section */

/* Begin PBXTargetDependency section */
		7877CFB51C139FDF002C4332 /* PBXTargetDependency */ = {
			isa = PBXTargetDependency;
			target = 7877CF9E1C139FDF002C4332 /* SwiftJSONParsing2 */;
			targetProxy = 7877CFB41C139FDF002C4332 /* PBXContainerItemProxy */;
		};
		7877CFC01C139FE0002C4332 /* PBXTargetDependency */ = {
			isa = PBXTargetDependency;
			target = 7877CF9E1C139FDF002C4332 /* SwiftJSONParsing2 */;
			targetProxy = 7877CFBF1C139FE0002C4332 /* PBXContainerItemProxy */;
		};
/* End PBXTargetDependency section */

/* Begin PBXVariantGroup section */
		7877CFA61C139FDF002C4332 /* Main.storyboard */ = {
			isa = PBXVariantGroup;
			children = (
				7877CFA71C139FDF002C4332 /* Base */,
			);
			name = Main.storyboard;
			sourceTree = "<group>";
		};
		7877CFAB1C139FDF002C4332 /* LaunchScreen.storyboard */ = {
			isa = PBXVariantGroup;
			children = (
				7877CFAC1C139FDF002C4332 /* Base */,
			);
			name = LaunchScreen.storyboard;
			sourceTree = "<group>";
		};
/* End PBXVariantGroup section */

/* Begin XCBuildConfiguration section */
		7877CFC51C139FE0002C4332 /* Debug */ = {
			isa = XCBuildConfiguration;
			buildSettings = {
				ALWAYS_SEARCH_USER_PATHS = NO;
				CLANG_CXX_LANGUAGE_STANDARD = "gnu++0x";
				CLANG_CXX_LIBRARY = "libc++";
				CLANG_ENABLE_MODULES = YES;
				CLANG_ENABLE_OBJC_ARC = YES;
				CLANG_WARN_BOOL_CONVERSION = YES;
				CLANG_WARN_CONSTANT_CONVERSION = YES;
				CLANG_WARN_DIRECT_OBJC_ISA_USAGE = YES_ERROR;
				CLANG_WARN_EMPTY_BODY = YES;
				CLANG_WARN_ENUM_CONVERSION = YES;
				CLANG_WARN_INT_CONVERSION = YES;
				CLANG_WARN_OBJC_ROOT_CLASS = YES_ERROR;
				CLANG_WARN_UNREACHABLE_CODE = YES;
				CLANG_WARN__DUPLICATE_METHOD_MATCH = YES;
				"CODE_SIGN_IDENTITY[sdk=iphoneos*]" = "iPhone Developer";
				COPY_PHASE_STRIP = NO;
				DEBUG_INFORMATION_FORMAT = dwarf;
				ENABLE_STRICT_OBJC_MSGSEND = YES;
				ENABLE_TESTABILITY = YES;
				GCC_C_LANGUAGE_STANDARD = gnu99;
				GCC_DYNAMIC_NO_PIC = NO;
				GCC_NO_COMMON_BLOCKS = YES;
				GCC_OPTIMIZATION_LEVEL = 0;
				GCC_PREPROCESSOR_DEFINITIONS = (
					"DEBUG=1",
					"$(inherited)",
				);
				GCC_WARN_64_TO_32_BIT_CONVERSION = YES;
				GCC_WARN_ABOUT_RETURN_TYPE = YES_ERROR;
				GCC_WARN_UNDECLARED_SELECTOR = YES;
				GCC_WARN_UNINITIALIZED_AUTOS = YES_AGGRESSIVE;
				GCC_WARN_UNUSED_FUNCTION = YES;
				GCC_WARN_UNUSED_VARIABLE = YES;
				IPHONEOS_DEPLOYMENT_TARGET = 9.1;
				MTL_ENABLE_DEBUG_INFO = YES;
				ONLY_ACTIVE_ARCH = YES;
				SDKROOT = iphoneos;
				SWIFT_OPTIMIZATION_LEVEL = "-Onone";
			};
			name = Debug;
		};
		7877CFC61C139FE0002C4332 /* Release */ = {
			isa = XCBuildConfiguration;
			buildSettings = {
				ALWAYS_SEARCH_USER_PATHS = NO;
				CLANG_CXX_LANGUAGE_STANDARD = "gnu++0x";
				CLANG_CXX_LIBRARY = "libc++";
				CLANG_ENABLE_MODULES = YES;
				CLANG_ENABLE_OBJC_ARC = YES;
				CLANG_WARN_BOOL_CONVERSION = YES;
				CLANG_WARN_CONSTANT_CONVERSION = YES;
				CLANG_WARN_DIRECT_OBJC_ISA_USAGE = YES_ERROR;
				CLANG_WARN_EMPTY_BODY = YES;
				CLANG_WARN_ENUM_CONVERSION = YES;
				CLANG_WARN_INT_CONVERSION = YES;
				CLANG_WARN_OBJC_ROOT_CLASS = YES_ERROR;
				CLANG_WARN_UNREACHABLE_CODE = YES;
				CLANG_WARN__DUPLICATE_METHOD_MATCH = YES;
				"CODE_SIGN_IDENTITY[sdk=iphoneos*]" = "iPhone Developer";
				COPY_PHASE_STRIP = NO;
				DEBUG_INFORMATION_FORMAT = "dwarf-with-dsym";
				ENABLE_NS_ASSERTIONS = NO;
				ENABLE_STRICT_OBJC_MSGSEND = YES;
				GCC_C_LANGUAGE_STANDARD = gnu99;
				GCC_NO_COMMON_BLOCKS = YES;
				GCC_WARN_64_TO_32_BIT_CONVERSION = YES;
				GCC_WARN_ABOUT_RETURN_TYPE = YES_ERROR;
				GCC_WARN_UNDECLARED_SELECTOR = YES;
				GCC_WARN_UNINITIALIZED_AUTOS = YES_AGGRESSIVE;
				GCC_WARN_UNUSED_FUNCTION = YES;
				GCC_WARN_UNUSED_VARIABLE = YES;
				IPHONEOS_DEPLOYMENT_TARGET = 9.1;
				MTL_ENABLE_DEBUG_INFO = NO;
				SDKROOT = iphoneos;
				VALIDATE_PRODUCT = YES;
			};
			name = Release;
		};
		7877CFC81C139FE0002C4332 /* Debug */ = {
			isa = XCBuildConfiguration;
			buildSettings = {
				ASSETCATALOG_COMPILER_APPICON_NAME = AppIcon;
				INFOPLIST_FILE = SwiftJSONParsing2/Info.plist;
				LD_RUNPATH_SEARCH_PATHS = "$(inherited) @executable_path/Frameworks";
				PRODUCT_BUNDLE_IDENTIFIER = com.3einteractive.SwiftJSONParsing2;
				PRODUCT_NAME = "$(TARGET_NAME)";
			};
			name = Debug;
		};
		7877CFC91C139FE0002C4332 /* Release */ = {
			isa = XCBuildConfiguration;
			buildSettings = {
				ASSETCATALOG_COMPILER_APPICON_NAME = AppIcon;
				INFOPLIST_FILE = SwiftJSONParsing2/Info.plist;
				LD_RUNPATH_SEARCH_PATHS = "$(inherited) @executable_path/Frameworks";
				PRODUCT_BUNDLE_IDENTIFIER = com.3einteractive.SwiftJSONParsing2;
				PRODUCT_NAME = "$(TARGET_NAME)";
			};
			name = Release;
		};
		7877CFCB1C139FE0002C4332 /* Debug */ = {
			isa = XCBuildConfiguration;
			buildSettings = {
				BUNDLE_LOADER = "$(TEST_HOST)";
				INFOPLIST_FILE = SwiftJSONParsing2Tests/Info.plist;
				LD_RUNPATH_SEARCH_PATHS = "$(inherited) @executable_path/Frameworks @loader_path/Frameworks";
				PRODUCT_BUNDLE_IDENTIFIER = com.3einteractive.SwiftJSONParsing2Tests;
				PRODUCT_NAME = "$(TARGET_NAME)";
				TEST_HOST = "$(BUILT_PRODUCTS_DIR)/SwiftJSONParsing2.app/SwiftJSONParsing2";
			};
			name = Debug;
		};
		7877CFCC1C139FE0002C4332 /* Release */ = {
			isa = XCBuildConfiguration;
			buildSettings = {
				BUNDLE_LOADER = "$(TEST_HOST)";
				INFOPLIST_FILE = SwiftJSONParsing2Tests/Info.plist;
				LD_RUNPATH_SEARCH_PATHS = "$(inherited) @executable_path/Frameworks @loader_path/Frameworks";
				PRODUCT_BUNDLE_IDENTIFIER = com.3einteractive.SwiftJSONParsing2Tests;
				PRODUCT_NAME = "$(TARGET_NAME)";
				TEST_HOST = "$(BUILT_PRODUCTS_DIR)/SwiftJSONParsing2.app/SwiftJSONParsing2";
			};
			name = Release;
		};
		7877CFCE1C139FE0002C4332 /* Debug */ = {
			isa = XCBuildConfiguration;
			buildSettings = {
				INFOPLIST_FILE = SwiftJSONParsing2UITests/Info.plist;
				LD_RUNPATH_SEARCH_PATHS = "$(inherited) @executable_path/Frameworks @loader_path/Frameworks";
				PRODUCT_BUNDLE_IDENTIFIER = com.3einteractive.SwiftJSONParsing2UITests;
				PRODUCT_NAME = "$(TARGET_NAME)";
				TEST_TARGET_NAME = SwiftJSONParsing2;
				USES_XCTRUNNER = YES;
			};
			name = Debug;
		};
		7877CFCF1C139FE0002C4332 /* Release */ = {
			isa = XCBuildConfiguration;
			buildSettings = {
				INFOPLIST_FILE = SwiftJSONParsing2UITests/Info.plist;
				LD_RUNPATH_SEARCH_PATHS = "$(inherited) @executable_path/Frameworks @loader_path/Frameworks";
				PRODUCT_BUNDLE_IDENTIFIER = com.3einteractive.SwiftJSONParsing2UITests;
				PRODUCT_NAME = "$(TARGET_NAME)";
				TEST_TARGET_NAME = SwiftJSONParsing2;
				USES_XCTRUNNER = YES;
			};
			name = Release;
		};
/* End XCBuildConfiguration section */

/* Begin XCConfigurationList section */
		7877CF9A1C139FDF002C4332 /* Build configuration list for PBXProject "SwiftJSONParsing2" */ = {
			isa = XCConfigurationList;
			buildConfigurations = (
				7877CFC51C139FE0002C4332 /* Debug */,
				7877CFC61C139FE0002C4332 /* Release */,
			);
			defaultConfigurationIsVisible = 0;
			defaultConfigurationName = Release;
		};
		7877CFC71C139FE0002C4332 /* Build configuration list for PBXNativeTarget "SwiftJSONParsing2" */ = {
			isa = XCConfigurationList;
			buildConfigurations = (
				7877CFC81C139FE0002C4332 /* Debug */,
				7877CFC91C139FE0002C4332 /* Release */,
			);
			defaultConfigurationIsVisible = 0;
			defaultConfigurationName = Release;
		};
		7877CFCA1C139FE0002C4332 /* Build configuration list for PBXNativeTarget "SwiftJSONParsing2Tests" */ = {
			isa = XCConfigurationList;
			buildConfigurations = (
				7877CFCB1C139FE0002C4332 /* Debug */,
				7877CFCC1C139FE0002C4332 /* Release */,
			);
			defaultConfigurationIsVisible = 0;
			defaultConfigurationName = Release;
		};
		7877CFCD1C139FE0002C4332 /* Build configuration list for PBXNativeTarget "SwiftJSONParsing2UITests" */ = {
			isa = XCConfigurationList;
			buildConfigurations = (
				7877CFCE1C139FE0002C4332 /* Debug */,
				7877CFCF1C139FE0002C4332 /* Release */,
			);
			defaultConfigurationIsVisible = 0;
			defaultConfigurationName = Release;
		};
/* End XCConfigurationList section */
	};
	rootObject = 7877CF971C139FDF002C4332 /* Project object */;
}
